golang.org/x/net v0.10.0 h1:X2//UzNDwYmtCLn7To6G58Wr6f5ahEAQgKNzv9Y951M=
golang.org/x/net v0.10.0/go.mod h1:0qNGK6F8kojg2nk9dLZ2mShWaEBan6FAoqfSigmmuDg=
golang.org/x/tools v0.9.3 h1:Gn1I8+64MsuTb/HpH+LmQtNas23LhUVr3rYZ0eKuaMM=
golang.org/x/tools v0.9.3/go.mod h1:owI94Op576fPu3cIGQeHs3joujW/2Oc6MtlxbF5dfNc=
